PODS:
  - flutter_jscore (0.0.1):
    - FlutterMacOS
  - FlutterMacOS (1.0.0)

DEPENDENCIES:
  - flutter_jscore (from `Flutter/ephemeral/.symlinks/plugins/flutter_jscore/macos`)
  - FlutterMacOS (from `Flutter/ephemeral`)

EXTERNAL SOURCES:
  flutter_jscore:
    :path: Flutter/ephemeral/.symlinks/plugins/flutter_jscore/macos
  FlutterMacOS:
    :path: Flutter/ephemeral

SPEC CHECKSUMS:
  flutter_jscore: ae246c4eb17e943b06adc3ab1cdd41ddf8e68bb2
  FlutterMacOS: 57701585bf7de1b3fc2bb61f6378d73bbdea8424

PODFILE CHECKSUM: 6eac6b3292e5142cfc23bdeb71848a40ec51c14c

COCOAPODS: 1.10.0
