PODS:
  - flutter_jscore (0.0.1):
    - FlutterMacOS
  - FlutterMacOS (1.0.0)

DEPENDENCIES:
  - flutter_jscore (from `Flutter/ephemeral/.symlinks/plugins/flutter_jscore/macos`)
  - FlutterMacOS (from `Flutter/ephemeral/.symlinks/flutter/darwin-x64`)

EXTERNAL SOURCES:
  flutter_jscore:
    :path: Flutter/ephemeral/.symlinks/plugins/flutter_jscore/macos
  FlutterMacOS:
    :path: Flutter/ephemeral/.symlinks/flutter/darwin-x64

SPEC CHECKSUMS:
  flutter_jscore: ae246c4eb17e943b06adc3ab1cdd41ddf8e68bb2
  FlutterMacOS: 15bea8a44d2fa024068daa0140371c020b4b6ff9

PODFILE CHECKSUM: d8ba9b3e9e93c62c74a660b46c6fcb09f03991a7

COCOAPODS: 1.8.4
